// !$*UTF8*$!
{
	archiveVersion = 1;
	classes = {
	};
	objectVersion = 50;
	objects = {

/* Begin PBXBuildFile section */
		530FA3F226045A91007B52CD /* AfricaApp.swift in Sources */ = {isa = PBXBuildFile; fileRef = 530FA3F126045A91007B52CD /* AfricaApp.swift */; };
		530FA3F426045A91007B52CD /* ContentView.swift in Sources */ = {isa = PBXBuildFile; fileRef = 530FA3F326045A91007B52CD /* ContentView.swift */; };
		530FA3F626045A91007B52CD /* Assets.xcassets in Resources */ = {isa = PBXBuildFile; fileRef = 530FA3F526045A91007B52CD /* Assets.xcassets */; };
		530FA3F926045A91007B52CD /* Preview Assets.xcassets in Resources */ = {isa = PBXBuildFile; fileRef = 530FA3F826045A91007B52CD /* Preview Assets.xcassets */; };
		530FA40C2604605D007B52CD /* rhino.mp4 in Resources */ = {isa = PBXBuildFile; fileRef = 530FA40226046055007B52CD /* rhino.mp4 */; };
		530FA40D2604605D007B52CD /* lion.mp4 in Resources */ = {isa = PBXBuildFile; fileRef = 530FA40326046056007B52CD /* lion.mp4 */; };
		530FA40E2604605D007B52CD /* lioness.mp4 in Resources */ = {isa = PBXBuildFile; fileRef = 530FA40426046057007B52CD /* lioness.mp4 */; };
		530FA40F2604605D007B52CD /* elephant.mp4 in Resources */ = {isa = PBXBuildFile; fileRef = 530FA40526046058007B52CD /* elephant.mp4 */; };
		530FA4102604605D007B52CD /* cheetah.mp4 in Resources */ = {isa = PBXBuildFile; fileRef = 530FA40626046058007B52CD /* cheetah.mp4 */; };
		530FA4112604605D007B52CD /* ostrich.mp4 in Resources */ = {isa = PBXBuildFile; fileRef = 530FA40726046059007B52CD /* ostrich.mp4 */; };
		530FA4122604605D007B52CD /* zebra.mp4 in Resources */ = {isa = PBXBuildFile; fileRef = 530FA4082604605A007B52CD /* zebra.mp4 */; };
		530FA4132604605D007B52CD /* gorilla.mp4 in Resources */ = {isa = PBXBuildFile; fileRef = 530FA4092604605B007B52CD /* gorilla.mp4 */; };
		530FA4142604605D007B52CD /* hippo.mp4 in Resources */ = {isa = PBXBuildFile; fileRef = 530FA40A2604605C007B52CD /* hippo.mp4 */; };
		530FA4152604605D007B52CD /* giraffe.mp4 in Resources */ = {isa = PBXBuildFile; fileRef = 530FA40B2604605D007B52CD /* giraffe.mp4 */; };
		530FA41C2604608E007B52CD /* animals.json in Resources */ = {isa = PBXBuildFile; fileRef = 530FA4182604608D007B52CD /* animals.json */; };
		530FA41D2604608E007B52CD /* covers.json in Resources */ = {isa = PBXBuildFile; fileRef = 530FA4192604608D007B52CD /* covers.json */; };
		530FA41E2604608E007B52CD /* videos.json in Resources */ = {isa = PBXBuildFile; fileRef = 530FA41A2604608D007B52CD /* videos.json */; };
		530FA41F2604608E007B52CD /* locations.json in Resources */ = {isa = PBXBuildFile; fileRef = 530FA41B2604608E007B52CD /* locations.json */; };
		530FA424260463C8007B52CD /* VideoListView.swift in Sources */ = {isa = PBXBuildFile; fileRef = 530FA423260463C8007B52CD /* VideoListView.swift */; };
		530FA427260463ED007B52CD /* MapView.swift in Sources */ = {isa = PBXBuildFile; fileRef = 530FA426260463ED007B52CD /* MapView.swift */; };
		530FA42A2604640B007B52CD /* GalleryView.swift in Sources */ = {isa = PBXBuildFile; fileRef = 530FA4292604640B007B52CD /* GalleryView.swift */; };
		530FA42D26046424007B52CD /* MainView.swift in Sources */ = {isa = PBXBuildFile; fileRef = 530FA42C26046424007B52CD /* MainView.swift */; };
		532A24C4260721E500F4BD31 /* InsetFactView.swift in Sources */ = {isa = PBXBuildFile; fileRef = 532A24C3260721E500F4BD31 /* InsetFactView.swift */; };
		532A24C826072DA400F4BD31 /* InsetMapView.swift in Sources */ = {isa = PBXBuildFile; fileRef = 532A24C726072DA400F4BD31 /* InsetMapView.swift */; };
		532A24CB2607369D00F4BD31 /* ExternalWeblinkView.swift in Sources */ = {isa = PBXBuildFile; fileRef = 532A24CA2607369D00F4BD31 /* ExternalWeblinkView.swift */; };
		532A24CE2607409600F4BD31 /* VideoModel.swift in Sources */ = {isa = PBXBuildFile; fileRef = 532A24CD2607409600F4BD31 /* VideoModel.swift */; };
		532A24D1260740FD00F4BD31 /* VideoListItemView.swift in Sources */ = {isa = PBXBuildFile; fileRef = 532A24D0260740FD00F4BD31 /* VideoListItemView.swift */; };
		533D5A602604D2990078CA89 /* CoverImageView.swift in Sources */ = {isa = PBXBuildFile; fileRef = 533D5A5F2604D2990078CA89 /* CoverImageView.swift */; };
		533D5A642604D40F0078CA89 /* CoverImageModel.swift in Sources */ = {isa = PBXBuildFile; fileRef = 533D5A632604D40F0078CA89 /* CoverImageModel.swift */; };
		533D5A6B2604D53B0078CA89 /* CodableBundleExtension.swift in Sources */ = {isa = PBXBuildFile; fileRef = 533D5A6A2604D53B0078CA89 /* CodableBundleExtension.swift */; };
		533D5A6F2604DDCB0078CA89 /* AnimalListItemView.swift in Sources */ = {isa = PBXBuildFile; fileRef = 533D5A6E2604DDCB0078CA89 /* AnimalListItemView.swift */; };
		533D5A722604E08E0078CA89 /* AnimalModel.swift in Sources */ = {isa = PBXBuildFile; fileRef = 533D5A712604E08E0078CA89 /* AnimalModel.swift */; };
		533D5A752604E4F70078CA89 /* AnimalDetailView.swift in Sources */ = {isa = PBXBuildFile; fileRef = 533D5A742604E4F70078CA89 /* AnimalDetailView.swift */; };
		533D5A782604E80E0078CA89 /* HeadingView.swift in Sources */ = {isa = PBXBuildFile; fileRef = 533D5A772604E80E0078CA89 /* HeadingView.swift */; };
		53B2D8B02604ECAF0030EB76 /* InsetGalleryView.swift in Sources */ = {isa = PBXBuildFile; fileRef = 53B2D8AF2604ECAF0030EB76 /* InsetGalleryView.swift */; };
		53E164C92607810B00314010 /* VideoPlayerView.swift in Sources */ = {isa = PBXBuildFile; fileRef = 53E164C82607810B00314010 /* VideoPlayerView.swift */; };
		53E164CD260783B100314010 /* VideoPlayerHelper.swift in Sources */ = {isa = PBXBuildFile; fileRef = 53E164CC260783B100314010 /* VideoPlayerHelper.swift */; };
		53E164D12607939500314010 /* LocationModel.swift in Sources */ = {isa = PBXBuildFile; fileRef = 53E164D02607939500314010 /* LocationModel.swift */; };
		53E164D426079C6700314010 /* MapAnnotationView.swift in Sources */ = {isa = PBXBuildFile; fileRef = 53E164D326079C6700314010 /* MapAnnotationView.swift */; };
		53E2EA7A2608A81C002721E7 /* MotionAnimationView.swift in Sources */ = {isa = PBXBuildFile; fileRef = 53E2EA792608A81C002721E7 /* MotionAnimationView.swift */; };
/* End PBXBuildFile section */

/* Begin PBXFileReference section */
		530FA3EE26045A91007B52CD /* Africa.app */ = {isa = PBXFileReference; explicitFileType = wrapper.application; includeInIndex = 0; path = Africa.app; sourceTree = BUILT_PRODUCTS_DIR; };
		530FA3F126045A91007B52CD /* AfricaApp.swift */ = {isa = PBXFileReference; lastKnownFileType = sourcecode.swift; path = AfricaApp.swift; sourceTree = "<group>"; };
		530FA3F326045A91007B52CD /* ContentView.swift */ = {isa = PBXFileReference; lastKnownFileType = sourcecode.swift; path = ContentView.swift; sourceTree = "<group>"; };
		530FA3F526045A91007B52CD /* Assets.xcassets */ = {isa = PBXFileReference; lastKnownFileType = folder.assetcatalog; path = Assets.xcassets; sourceTree = "<group>"; };
		530FA3F826045A91007B52CD /* Preview Assets.xcassets */ = {isa = PBXFileReference; lastKnownFileType = folder.assetcatalog; path = "Preview Assets.xcassets"; sourceTree = "<group>"; };
		530FA3FA26045A91007B52CD /* Info.plist */ = {isa = PBXFileReference; lastKnownFileType = text.plist.xml; path = Info.plist; sourceTree = "<group>"; };
		530FA40226046055007B52CD /* rhino.mp4 */ = {isa = PBXFileReference; lastKnownFileType = file; path = rhino.mp4; sourceTree = "<group>"; };
		530FA40326046056007B52CD /* lion.mp4 */ = {isa = PBXFileReference; lastKnownFileType = file; path = lion.mp4; sourceTree = "<group>"; };
		530FA40426046057007B52CD /* lioness.mp4 */ = {isa = PBXFileReference; lastKnownFileType = file; path = lioness.mp4; sourceTree = "<group>"; };
		530FA40526046058007B52CD /* elephant.mp4 */ = {isa = PBXFileReference; lastKnownFileType = file; path = elephant.mp4; sourceTree = "<group>"; };
		530FA40626046058007B52CD /* cheetah.mp4 */ = {isa = PBXFileReference; lastKnownFileType = file; path = cheetah.mp4; sourceTree = "<group>"; };
		530FA40726046059007B52CD /* ostrich.mp4 */ = {isa = PBXFileReference; lastKnownFileType = file; path = ostrich.mp4; sourceTree = "<group>"; };
		530FA4082604605A007B52CD /* zebra.mp4 */ = {isa = PBXFileReference; lastKnownFileType = file; path = zebra.mp4; sourceTree = "<group>"; };
		530FA4092604605B007B52CD /* gorilla.mp4 */ = {isa = PBXFileReference; lastKnownFileType = file; path = gorilla.mp4; sourceTree = "<group>"; };
		530FA40A2604605C007B52CD /* hippo.mp4 */ = {isa = PBXFileReference; lastKnownFileType = file; path = hippo.mp4; sourceTree = "<group>"; };
		530FA40B2604605D007B52CD /* giraffe.mp4 */ = {isa = PBXFileReference; lastKnownFileType = file; path = giraffe.mp4; sourceTree = "<group>"; };
		530FA4182604608D007B52CD /* animals.json */ = {isa = PBXFileReference; fileEncoding = 4; lastKnownFileType = text.json; path = animals.json; sourceTree = "<group>"; };
		530FA4192604608D007B52CD /* covers.json */ = {isa = PBXFileReference; fileEncoding = 4; lastKnownFileType = text.json; path = covers.json; sourceTree = "<group>"; };
		530FA41A2604608D007B52CD /* videos.json */ = {isa = PBXFileReference; fileEncoding = 4; lastKnownFileType = text.json; path = videos.json; sourceTree = "<group>"; };
		530FA41B2604608E007B52CD /* locations.json */ = {isa = PBXFileReference; fileEncoding = 4; lastKnownFileType = text.json; path = locations.json; sourceTree = "<group>"; };
		530FA423260463C8007B52CD /* VideoListView.swift */ = {isa = PBXFileReference; lastKnownFileType = sourcecode.swift; path = VideoListView.swift; sourceTree = "<group>"; };
		530FA426260463ED007B52CD /* MapView.swift */ = {isa = PBXFileReference; lastKnownFileType = sourcecode.swift; path = MapView.swift; sourceTree = "<group>"; };
		530FA4292604640B007B52CD /* GalleryView.swift */ = {isa = PBXFileReference; lastKnownFileType = sourcecode.swift; path = GalleryView.swift; sourceTree = "<group>"; };
		530FA42C26046424007B52CD /* MainView.swift */ = {isa = PBXFileReference; lastKnownFileType = sourcecode.swift; path = MainView.swift; sourceTree = "<group>"; };
		532A24C3260721E500F4BD31 /* InsetFactView.swift */ = {isa = PBXFileReference; lastKnownFileType = sourcecode.swift; path = InsetFactView.swift; sourceTree = "<group>"; };
		532A24C726072DA400F4BD31 /* InsetMapView.swift */ = {isa = PBXFileReference; lastKnownFileType = sourcecode.swift; path = InsetMapView.swift; sourceTree = "<group>"; };
		532A24CA2607369D00F4BD31 /* ExternalWeblinkView.swift */ = {isa = PBXFileReference; lastKnownFileType = sourcecode.swift; path = ExternalWeblinkView.swift; sourceTree = "<group>"; };
		532A24CD2607409600F4BD31 /* VideoModel.swift */ = {isa = PBXFileReference; lastKnownFileType = sourcecode.swift; path = VideoModel.swift; sourceTree = "<group>"; };
		532A24D0260740FD00F4BD31 /* VideoListItemView.swift */ = {isa = PBXFileReference; lastKnownFileType = sourcecode.swift; path = VideoListItemView.swift; sourceTree = "<group>"; };
		533D5A5F2604D2990078CA89 /* CoverImageView.swift */ = {isa = PBXFileReference; lastKnownFileType = sourcecode.swift; path = CoverImageView.swift; sourceTree = "<group>"; };
		533D5A632604D40F0078CA89 /* CoverImageModel.swift */ = {isa = PBXFileReference; lastKnownFileType = sourcecode.swift; path = CoverImageModel.swift; sourceTree = "<group>"; };
		533D5A6A2604D53B0078CA89 /* CodableBundleExtension.swift */ = {isa = PBXFileReference; lastKnownFileType = sourcecode.swift; path = CodableBundleExtension.swift; sourceTree = "<group>"; };
		533D5A6E2604DDCB0078CA89 /* AnimalListItemView.swift */ = {isa = PBXFileReference; lastKnownFileType = sourcecode.swift; path = AnimalListItemView.swift; sourceTree = "<group>"; };
		533D5A712604E08E0078CA89 /* AnimalModel.swift */ = {isa = PBXFileReference; lastKnownFileType = sourcecode.swift; path = AnimalModel.swift; sourceTree = "<group>"; };
		533D5A742604E4F70078CA89 /* AnimalDetailView.swift */ = {isa = PBXFileReference; lastKnownFileType = sourcecode.swift; path = AnimalDetailView.swift; sourceTree = "<group>"; };
		533D5A772604E80E0078CA89 /* HeadingView.swift */ = {isa = PBXFileReference; lastKnownFileType = sourcecode.swift; path = HeadingView.swift; sourceTree = "<group>"; };
		53B2D8AF2604ECAF0030EB76 /* InsetGalleryView.swift */ = {isa = PBXFileReference; lastKnownFileType = sourcecode.swift; path = InsetGalleryView.swift; sourceTree = "<group>"; };
		53E164C82607810B00314010 /* VideoPlayerView.swift */ = {isa = PBXFileReference; lastKnownFileType = sourcecode.swift; path = VideoPlayerView.swift; sourceTree = "<group>"; };
		53E164CC260783B100314010 /* VideoPlayerHelper.swift */ = {isa = PBXFileReference; lastKnownFileType = sourcecode.swift; path = VideoPlayerHelper.swift; sourceTree = "<group>"; };
		53E164D02607939500314010 /* LocationModel.swift */ = {isa = PBXFileReference; lastKnownFileType = sourcecode.swift; path = LocationModel.swift; sourceTree = "<group>"; };
		53E164D326079C6700314010 /* MapAnnotationView.swift */ = {isa = PBXFileReference; lastKnownFileType = sourcecode.swift; path = MapAnnotationView.swift; sourceTree = "<group>"; };
		53E2EA792608A81C002721E7 /* MotionAnimationView.swift */ = {isa = PBXFileReference; lastKnownFileType = sourcecode.swift; path = MotionAnimationView.swift; sourceTree = "<group>"; };
/* End PBXFileReference section */

/* Begin PBXFrameworksBuildPhase section */
		530FA3EB26045A91007B52CD /* Frameworks */ = {
			isa = PBXFrameworksBuildPhase;
			buildActionMask = 2147483647;
			files = (
			);
			runOnlyForDeploymentPostprocessing = 0;
		};
/* End PBXFrameworksBuildPhase section */

/* Begin PBXGroup section */
		530FA3E526045A90007B52CD = {
			isa = PBXGroup;
			children = (
				530FA3F026045A91007B52CD /* Africa */,
				530FA3EF26045A91007B52CD /* Products */,
			);
			sourceTree = "<group>";
		};
		530FA3EF26045A91007B52CD /* Products */ = {
			isa = PBXGroup;
			children = (
				530FA3EE26045A91007B52CD /* Africa.app */,
			);
			name = Products;
			sourceTree = "<group>";
		};
		530FA3F026045A91007B52CD /* Africa */ = {
			isa = PBXGroup;
			children = (
				53E164CB2607839800314010 /* Helper */,
				530FA42126046291007B52CD /* App */,
				533D5A682604D51C0078CA89 /* Extension */,
				533D5A622604D3F90078CA89 /* Model */,
				533D5A5E2604D27C0078CA89 /* View */,
				530FA4172604607C007B52CD /* Data */,
				530FA40126046040007B52CD /* Videos */,
				530FA3F526045A91007B52CD /* Assets.xcassets */,
				530FA3FA26045A91007B52CD /* Info.plist */,
				530FA3F726045A91007B52CD /* Preview Content */,
			);
			path = Africa;
			sourceTree = "<group>";
		};
		530FA3F726045A91007B52CD /* Preview Content */ = {
			isa = PBXGroup;
			children = (
				530FA3F826045A91007B52CD /* Preview Assets.xcassets */,
			);
			path = "Preview Content";
			sourceTree = "<group>";
		};
		530FA40126046040007B52CD /* Videos */ = {
			isa = PBXGroup;
			children = (
				530FA40626046058007B52CD /* cheetah.mp4 */,
				530FA40526046058007B52CD /* elephant.mp4 */,
				530FA40B2604605D007B52CD /* giraffe.mp4 */,
				530FA4092604605B007B52CD /* gorilla.mp4 */,
				530FA40A2604605C007B52CD /* hippo.mp4 */,
				530FA40326046056007B52CD /* lion.mp4 */,
				530FA40426046057007B52CD /* lioness.mp4 */,
				530FA40726046059007B52CD /* ostrich.mp4 */,
				530FA40226046055007B52CD /* rhino.mp4 */,
				530FA4082604605A007B52CD /* zebra.mp4 */,
			);
			path = Videos;
			sourceTree = "<group>";
		};
		530FA4172604607C007B52CD /* Data */ = {
			isa = PBXGroup;
			children = (
				530FA4182604608D007B52CD /* animals.json */,
				530FA4192604608D007B52CD /* covers.json */,
				530FA41B2604608E007B52CD /* locations.json */,
				530FA41A2604608D007B52CD /* videos.json */,
			);
			path = Data;
			sourceTree = "<group>";
		};
		530FA42126046291007B52CD /* App */ = {
			isa = PBXGroup;
			children = (
				530FA3F126045A91007B52CD /* AfricaApp.swift */,
				530FA42C26046424007B52CD /* MainView.swift */,
				530FA3F326045A91007B52CD /* ContentView.swift */,
				530FA423260463C8007B52CD /* VideoListView.swift */,
				530FA426260463ED007B52CD /* MapView.swift */,
				530FA4292604640B007B52CD /* GalleryView.swift */,
			);
			path = App;
			sourceTree = "<group>";
		};
		533D5A5E2604D27C0078CA89 /* View */ = {
			isa = PBXGroup;
			children = (
				533D5A5F2604D2990078CA89 /* CoverImageView.swift */,
				533D5A6E2604DDCB0078CA89 /* AnimalListItemView.swift */,
				533D5A742604E4F70078CA89 /* AnimalDetailView.swift */,
				533D5A772604E80E0078CA89 /* HeadingView.swift */,
				53B2D8AF2604ECAF0030EB76 /* InsetGalleryView.swift */,
				532A24C3260721E500F4BD31 /* InsetFactView.swift */,
				532A24C726072DA400F4BD31 /* InsetMapView.swift */,
				532A24CA2607369D00F4BD31 /* ExternalWeblinkView.swift */,
				532A24D0260740FD00F4BD31 /* VideoListItemView.swift */,
				53E164C82607810B00314010 /* VideoPlayerView.swift */,
				53E164D326079C6700314010 /* MapAnnotationView.swift */,
				53E2EA792608A81C002721E7 /* MotionAnimationView.swift */,
			);
			path = View;
			sourceTree = "<group>";
		};
		533D5A622604D3F90078CA89 /* Model */ = {
			isa = PBXGroup;
			children = (
				533D5A632604D40F0078CA89 /* CoverImageModel.swift */,
				533D5A712604E08E0078CA89 /* AnimalModel.swift */,
				532A24CD2607409600F4BD31 /* VideoModel.swift */,
				53E164D02607939500314010 /* LocationModel.swift */,
			);
			path = Model;
			sourceTree = "<group>";
		};
		533D5A682604D51C0078CA89 /* Extension */ = {
			isa = PBXGroup;
			children = (
				533D5A6A2604D53B0078CA89 /* CodableBundleExtension.swift */,
			);
			path = Extension;
			sourceTree = "<group>";
		};
		53E164CB2607839800314010 /* Helper */ = {
			isa = PBXGroup;
			children = (
				53E164CC260783B100314010 /* VideoPlayerHelper.swift */,
			);
			path = Helper;
			sourceTree = "<group>";
		};
/* End PBXGroup section */

/* Begin PBXNativeTarget section */
		530FA3ED26045A91007B52CD /* Africa */ = {
			isa = PBXNativeTarget;
			buildConfigurationList = 530FA3FD26045A91007B52CD /* Build configuration list for PBXNativeTarget "Africa" */;
			buildPhases = (
				530FA3EA26045A91007B52CD /* Sources */,
				530FA3EB26045A91007B52CD /* Frameworks */,
				530FA3EC26045A91007B52CD /* Resources */,
			);
			buildRules = (
			);
			dependencies = (
			);
			name = Africa;
			productName = Africa;
			productReference = 530FA3EE26045A91007B52CD /* Africa.app */;
			productType = "com.apple.product-type.application";
		};
/* End PBXNativeTarget section */

/* Begin PBXProject section */
		530FA3E626045A90007B52CD /* Project object */ = {
			isa = PBXProject;
			attributes = {
				LastSwiftUpdateCheck = 1240;
				LastUpgradeCheck = 1240;
				TargetAttributes = {
					530FA3ED26045A91007B52CD = {
						CreatedOnToolsVersion = 12.4;
					};
				};
			};
			buildConfigurationList = 530FA3E926045A90007B52CD /* Build configuration list for PBXProject "Africa" */;
			compatibilityVersion = "Xcode 9.3";
			developmentRegion = en;
			hasScannedForEncodings = 0;
			knownRegions = (
				en,
				Base,
			);
			mainGroup = 530FA3E526045A90007B52CD;
			productRefGroup = 530FA3EF26045A91007B52CD /* Products */;
			projectDirPath = "";
			projectRoot = "";
			targets = (
				530FA3ED26045A91007B52CD /* Africa */,
			);
		};
/* End PBXProject section */

/* Begin PBXResourcesBuildPhase section */
		530FA3EC26045A91007B52CD /* Resources */ = {
			isa = PBXResourcesBuildPhase;
			buildActionMask = 2147483647;
			files = (
				530FA40C2604605D007B52CD /* rhino.mp4 in Resources */,
				530FA4142604605D007B52CD /* hippo.mp4 in Resources */,
				530FA41F2604608E007B52CD /* locations.json in Resources */,
				530FA41E2604608E007B52CD /* videos.json in Resources */,
				530FA4152604605D007B52CD /* giraffe.mp4 in Resources */,
				530FA40D2604605D007B52CD /* lion.mp4 in Resources */,
				530FA4132604605D007B52CD /* gorilla.mp4 in Resources */,
				530FA40F2604605D007B52CD /* elephant.mp4 in Resources */,
				530FA40E2604605D007B52CD /* lioness.mp4 in Resources */,
				530FA41D2604608E007B52CD /* covers.json in Resources */,
				530FA41C2604608E007B52CD /* animals.json in Resources */,
				530FA3F926045A91007B52CD /* Preview Assets.xcassets in Resources */,
				530FA3F626045A91007B52CD /* Assets.xcassets in Resources */,
				530FA4112604605D007B52CD /* ostrich.mp4 in Resources */,
				530FA4122604605D007B52CD /* zebra.mp4 in Resources */,
				530FA4102604605D007B52CD /* cheetah.mp4 in Resources */,
			);
			runOnlyForDeploymentPostprocessing = 0;
		};
/* End PBXResourcesBuildPhase section */

/* Begin PBXSourcesBuildPhase section */
		530FA3EA26045A91007B52CD /* Sources */ = {
			isa = PBXSourcesBuildPhase;
			buildActionMask = 2147483647;
			files = (
				532A24CB2607369D00F4BD31 /* ExternalWeblinkView.swift in Sources */,
				530FA3F426045A91007B52CD /* ContentView.swift in Sources */,
				533D5A6F2604DDCB0078CA89 /* AnimalListItemView.swift in Sources */,
				530FA42D26046424007B52CD /* MainView.swift in Sources */,
				533D5A602604D2990078CA89 /* CoverImageView.swift in Sources */,
				533D5A642604D40F0078CA89 /* CoverImageModel.swift in Sources */,
				533D5A752604E4F70078CA89 /* AnimalDetailView.swift in Sources */,
				533D5A722604E08E0078CA89 /* AnimalModel.swift in Sources */,
				530FA427260463ED007B52CD /* MapView.swift in Sources */,
				530FA3F226045A91007B52CD /* AfricaApp.swift in Sources */,
				53E164CD260783B100314010 /* VideoPlayerHelper.swift in Sources */,
				532A24C826072DA400F4BD31 /* InsetMapView.swift in Sources */,
				532A24C4260721E500F4BD31 /* InsetFactView.swift in Sources */,
				53E164D426079C6700314010 /* MapAnnotationView.swift in Sources */,
				530FA424260463C8007B52CD /* VideoListView.swift in Sources */,
				532A24CE2607409600F4BD31 /* VideoModel.swift in Sources */,
				530FA42A2604640B007B52CD /* GalleryView.swift in Sources */,
				53E164D12607939500314010 /* LocationModel.swift in Sources */,
				53B2D8B02604ECAF0030EB76 /* InsetGalleryView.swift in Sources */,
				532A24D1260740FD00F4BD31 /* VideoListItemView.swift in Sources */,
				533D5A6B2604D53B0078CA89 /* CodableBundleExtension.swift in Sources */,
				53E2EA7A2608A81C002721E7 /* MotionAnimationView.swift in Sources */,
				533D5A782604E80E0078CA89 /* HeadingView.swift in Sources */,
				53E164C92607810B00314010 /* VideoPlayerView.swift in Sources */,
			);
			runOnlyForDeploymentPostprocessing = 0;
		};
/* End PBXSourcesBuildPhase section */

/* Begin XCBuildConfiguration section */
		530FA3FB26045A91007B52CD /* Debug */ = {
			isa = XCBuildConfiguration;
			buildSettings = {
				ALWAYS_SEARCH_USER_PATHS = NO;
				CLANG_ANALYZER_NONNULL = YES;
				CLANG_ANALYZER_NUMBER_OBJECT_CONVERSION = YES_AGGRESSIVE;
				CLANG_CXX_LANGUAGE_STANDARD = "gnu++14";
				CLANG_CXX_LIBRARY = "libc++";
				CLANG_ENABLE_MODULES = YES;
				CLANG_ENABLE_OBJC_ARC = YES;
				CLANG_ENABLE_OBJC_WEAK = YES;
				CLANG_WARN_BLOCK_CAPTURE_AUTORELEASING = YES;
				CLANG_WARN_BOOL_CONVERSION = YES;
				CLANG_WARN_COMMA = YES;
				CLANG_WARN_CONSTANT_CONVERSION = YES;
				CLANG_WARN_DEPRECATED_OBJC_IMPLEMENTATIONS = YES;
				CLANG_WARN_DIRECT_OBJC_ISA_USAGE = YES_ERROR;
				CLANG_WARN_DOCUMENTATION_COMMENTS = YES;
				CLANG_WARN_EMPTY_BODY = YES;
				CLANG_WARN_ENUM_CONVERSION = YES;
				CLANG_WARN_INFINITE_RECURSION = YES;
				CLANG_WARN_INT_CONVERSION = YES;
				CLANG_WARN_NON_LITERAL_NULL_CONVERSION = YES;
				CLANG_WARN_OBJC_IMPLICIT_RETAIN_SELF = YES;
				CLANG_WARN_OBJC_LITERAL_CONVERSION = YES;
				CLANG_WARN_OBJC_ROOT_CLASS = YES_ERROR;
				CLANG_WARN_QUOTED_INCLUDE_IN_FRAMEWORK_HEADER = YES;
				CLANG_WARN_RANGE_LOOP_ANALYSIS = YES;
				CLANG_WARN_STRICT_PROTOTYPES = YES;
				CLANG_WARN_SUSPICIOUS_MOVE = YES;
				CLANG_WARN_UNGUARDED_AVAILABILITY = YES_AGGRESSIVE;
				CLANG_WARN_UNREACHABLE_CODE = YES;
				CLANG_WARN__DUPLICATE_METHOD_MATCH = YES;
				COPY_PHASE_STRIP = NO;
				DEBUG_INFORMATION_FORMAT = dwarf;
				ENABLE_STRICT_OBJC_MSGSEND = YES;
				ENABLE_TESTABILITY = YES;
				GCC_C_LANGUAGE_STANDARD = gnu11;
				GCC_DYNAMIC_NO_PIC = NO;
				GCC_NO_COMMON_BLOCKS = YES;
				GCC_OPTIMIZATION_LEVEL = 0;
				GCC_PREPROCESSOR_DEFINITIONS = (
					"DEBUG=1",
					"$(inherited)",
				);
				GCC_WARN_64_TO_32_BIT_CONVERSION = YES;
				GCC_WARN_ABOUT_RETURN_TYPE = YES_ERROR;
				GCC_WARN_UNDECLARED_SELECTOR = YES;
				GCC_WARN_UNINITIALIZED_AUTOS = YES_AGGRESSIVE;
				GCC_WARN_UNUSED_FUNCTION = YES;
				GCC_WARN_UNUSED_VARIABLE = YES;
				IPHONEOS_DEPLOYMENT_TARGET = 14.4;
				MTL_ENABLE_DEBUG_INFO = INCLUDE_SOURCE;
				MTL_FAST_MATH = YES;
				ONLY_ACTIVE_ARCH = YES;
				SDKROOT = iphoneos;
				SWIFT_ACTIVE_COMPILATION_CONDITIONS = DEBUG;
				SWIFT_OPTIMIZATION_LEVEL = "-Onone";
			};
			name = Debug;
		};
		530FA3FC26045A91007B52CD /* Release */ = {
			isa = XCBuildConfiguration;
			buildSettings = {
				ALWAYS_SEARCH_USER_PATHS = NO;
				CLANG_ANALYZER_NONNULL = YES;
				CLANG_ANALYZER_NUMBER_OBJECT_CONVERSION = YES_AGGRESSIVE;
				CLANG_CXX_LANGUAGE_STANDARD = "gnu++14";
				CLANG_CXX_LIBRARY = "libc++";
				CLANG_ENABLE_MODULES = YES;
				CLANG_ENABLE_OBJC_ARC = YES;
				CLANG_ENABLE_OBJC_WEAK = YES;
				CLANG_WARN_BLOCK_CAPTURE_AUTORELEASING = YES;
				CLANG_WARN_BOOL_CONVERSION = YES;
				CLANG_WARN_COMMA = YES;
				CLANG_WARN_CONSTANT_CONVERSION = YES;
				CLANG_WARN_DEPRECATED_OBJC_IMPLEMENTATIONS = YES;
				CLANG_WARN_DIRECT_OBJC_ISA_USAGE = YES_ERROR;
				CLANG_WARN_DOCUMENTATION_COMMENTS = YES;
				CLANG_WARN_EMPTY_BODY = YES;
				CLANG_WARN_ENUM_CONVERSION = YES;
				CLANG_WARN_INFINITE_RECURSION = YES;
				CLANG_WARN_INT_CONVERSION = YES;
				CLANG_WARN_NON_LITERAL_NULL_CONVERSION = YES;
				CLANG_WARN_OBJC_IMPLICIT_RETAIN_SELF = YES;
				CLANG_WARN_OBJC_LITERAL_CONVERSION = YES;
				CLANG_WARN_OBJC_ROOT_CLASS = YES_ERROR;
				CLANG_WARN_QUOTED_INCLUDE_IN_FRAMEWORK_HEADER = YES;
				CLANG_WARN_RANGE_LOOP_ANALYSIS = YES;
				CLANG_WARN_STRICT_PROTOTYPES = YES;
				CLANG_WARN_SUSPICIOUS_MOVE = YES;
				CLANG_WARN_UNGUARDED_AVAILABILITY = YES_AGGRESSIVE;
				CLANG_WARN_UNREACHABLE_CODE = YES;
				CLANG_WARN__DUPLICATE_METHOD_MATCH = YES;
				COPY_PHASE_STRIP = NO;
				DEBUG_INFORMATION_FORMAT = "dwarf-with-dsym";
				ENABLE_NS_ASSERTIONS = NO;
				ENABLE_STRICT_OBJC_MSGSEND = YES;
				GCC_C_LANGUAGE_STANDARD = gnu11;
				GCC_NO_COMMON_BLOCKS = YES;
				GCC_WARN_64_TO_32_BIT_CONVERSION = YES;
				GCC_WARN_ABOUT_RETURN_TYPE = YES_ERROR;
				GCC_WARN_UNDECLARED_SELECTOR = YES;
				GCC_WARN_UNINITIALIZED_AUTOS = YES_AGGRESSIVE;
				GCC_WARN_UNUSED_FUNCTION = YES;
				GCC_WARN_UNUSED_VARIABLE = YES;
				IPHONEOS_DEPLOYMENT_TARGET = 14.4;
				MTL_ENABLE_DEBUG_INFO = NO;
				MTL_FAST_MATH = YES;
				SDKROOT = iphoneos;
				SWIFT_COMPILATION_MODE = wholemodule;
				SWIFT_OPTIMIZATION_LEVEL = "-O";
				VALIDATE_PRODUCT = YES;
			};
			name = Release;
		};
		530FA3FE26045A91007B52CD /* Debug */ = {
			isa = XCBuildConfiguration;
			buildSettings = {
				ASSETCATALOG_COMPILER_APPICON_NAME = AppIcon;
				ASSETCATALOG_COMPILER_GLOBAL_ACCENT_COLOR_NAME = AccentColor;
				CODE_SIGN_STYLE = Automatic;
				DEVELOPMENT_ASSET_PATHS = "\"Africa/Preview Content\"";
				DEVELOPMENT_TEAM = N9D8WLVRMB;
				ENABLE_PREVIEWS = YES;
				INFOPLIST_FILE = Africa/Info.plist;
				IPHONEOS_DEPLOYMENT_TARGET = 14.0;
				LD_RUNPATH_SEARCH_PATHS = (
					"$(inherited)",
					"@executable_path/Frameworks",
				);
				PRODUCT_BUNDLE_IDENTIFIER = com.Rachapoom.Mark.Africa;
				PRODUCT_NAME = "$(TARGET_NAME)";
				SWIFT_VERSION = 5.0;
				TARGETED_DEVICE_FAMILY = "1,2";
			};
			name = Debug;
		};
		530FA3FF26045A91007B52CD /* Release */ = {
			isa = XCBuildConfiguration;
			buildSettings = {
				ASSETCATALOG_COMPILER_APPICON_NAME = AppIcon;
				ASSETCATALOG_COMPILER_GLOBAL_ACCENT_COLOR_NAME = AccentColor;
				CODE_SIGN_STYLE = Automatic;
				DEVELOPMENT_ASSET_PATHS = "\"Africa/Preview Content\"";
				DEVELOPMENT_TEAM = N9D8WLVRMB;
				ENABLE_PREVIEWS = YES;
				INFOPLIST_FILE = Africa/Info.plist;
				IPHONEOS_DEPLOYMENT_TARGET = 14.0;
				LD_RUNPATH_SEARCH_PATHS = (
					"$(inherited)",
					"@executable_path/Frameworks",
				);
				PRODUCT_BUNDLE_IDENTIFIER = com.Rachapoom.Mark.Africa;
				PRODUCT_NAME = "$(TARGET_NAME)";
				SWIFT_VERSION = 5.0;
				TARGETED_DEVICE_FAMILY = "1,2";
			};
			name = Release;
		};
/* End XCBuildConfiguration section */

/* Begin XCConfigurationList section */
		530FA3E926045A90007B52CD /* Build configuration list for PBXProject "Africa" */ = {
			isa = XCConfigurationList;
			buildConfigurations = (
				530FA3FB26045A91007B52CD /* Debug */,
				530FA3FC26045A91007B52CD /* Release */,
			);
			defaultConfigurationIsVisible = 0;
			defaultConfigurationName = Release;
		};
		530FA3FD26045A91007B52CD /* Build configuration list for PBXNativeTarget "Africa" */ = {
			isa = XCConfigurationList;
			buildConfigurations = (
				530FA3FE26045A91007B52CD /* Debug */,
				530FA3FF26045A91007B52CD /* Release */,
			);
			defaultConfigurationIsVisible = 0;
			defaultConfigurationName = Release;
		};
/* End XCConfigurationList section */
	};
	rootObject = 530FA3E626045A90007B52CD /* Project object */;
}
